
Microsoft Visual Studio Solution File, Format Version 12.00
# Visual Studio 15
VisualStudioVersion = 15.0.27130.2036
MinimumVisualStudioVersion = 10.0.40219.1
Project("{9A19103F-16F7-4668-BE54-9A1E7A4F7556}") = "Intelliflo.SDK.Security", "src\Intelliflo.SDK.Security\Intelliflo.SDK.Security.csproj", "{35C901EB-BFA5-4F87-8B58-86326A78BCD7}"
EndProject
Project("{9A19103F-16F7-4668-BE54-9A1E7A4F7556}") = "Intelliflo.SDK.Security.Tests", "test\Intelliflo.SDK.Security.Tests\Intelliflo.SDK.Security.Tests.csproj", "{A0675304-0F01-4585-8C02-0C54AC89BB90}"
EndProject
Global
	GlobalSection(SolutionConfigurationPlatforms) = preSolution
		Debug|Any CPU = Debug|Any CPU
		Release|Any CPU = Release|Any CPU
	EndGlobalSection
	GlobalSection(ProjectConfigurationPlatforms) = postSolution
		{35C901EB-BFA5-4F87-8B58-86326A78BCD7}.Debug|Any CPU.ActiveCfg = Debug|Any CPU
		{35C901EB-BFA5-4F87-8B58-86326A78BCD7}.Debug|Any CPU.Build.0 = Debug|Any CPU
		{35C901EB-BFA5-4F87-8B58-86326A78BCD7}.Release|Any CPU.ActiveCfg = Release|Any CPU
		{35C901EB-BFA5-4F87-8B58-86326A78BCD7}.Release|Any CPU.Build.0 = Release|Any CPU
		{A0675304-0F01-4585-8C02-0C54AC89BB90}.Debug|Any CPU.ActiveCfg = Debug|Any CPU
		{A0675304-0F01-4585-8C02-0C54AC89BB90}.Debug|Any CPU.Build.0 = Debug|Any CPU
		{A0675304-0F01-4585-8C02-0C54AC89BB90}.Release|Any CPU.ActiveCfg = Release|Any CPU
		{A0675304-0F01-4585-8C02-0C54AC89BB90}.Release|Any CPU.Build.0 = Release|Any CPU
	EndGlobalSection
	GlobalSection(SolutionProperties) = preSolution
		HideSolutionNode = FALSE
	EndGlobalSection
	GlobalSection(ExtensibilityGlobals) = postSolution
		SolutionGuid = {7E40A667-2E08-4CF0-8CB3-BDDADEB09571}
	EndGlobalSection
EndGlobal
